// !$*UTF8*$!
{
	archiveVersion = 1;
	classes = {
	};
	objectVersion = 50;
	objects = {

/* Begin PBXBuildFile section */
		8A1E991022DD00B800BC4364 /* DetailInterfaceController.swift in Sources */ = {isa = PBXBuildFile; fileRef = 8A1E990F22DD00B800BC4364 /* DetailInterfaceController.swift */; };
		8A1E991222DE0C0300BC4364 /* IOInterfaceController.swift in Sources */ = {isa = PBXBuildFile; fileRef = 8A1E991122DE0C0300BC4364 /* IOInterfaceController.swift */; };
		8A42C84922E8D9E200DBD503 /* IORowController.swift in Sources */ = {isa = PBXBuildFile; fileRef = 8A42C84522E8D9E100DBD503 /* IORowController.swift */; };
		8A42C84A22E8D9E200DBD503 /* BMKInterfaceController.swift in Sources */ = {isa = PBXBuildFile; fileRef = 8A42C84622E8D9E100DBD503 /* BMKInterfaceController.swift */; };
		8A42C84B22E8D9E200DBD503 /* globalVariables.swift in Sources */ = {isa = PBXBuildFile; fileRef = 8A42C84722E8D9E100DBD503 /* globalVariables.swift */; };
		8A42C84C22E8D9E200DBD503 /* Dialog.swift in Sources */ = {isa = PBXBuildFile; fileRef = 8A42C84822E8D9E200DBD503 /* Dialog.swift */; };
		8AEB997C22DCEC37001D717E /* AppDelegate.swift in Sources */ = {isa = PBXBuildFile; fileRef = 8AEB997B22DCEC37001D717E /* AppDelegate.swift */; };
		8AEB997E22DCEC37001D717E /* ViewController.swift in Sources */ = {isa = PBXBuildFile; fileRef = 8AEB997D22DCEC37001D717E /* ViewController.swift */; };
		8AEB998122DCEC37001D717E /* Main.storyboard in Resources */ = {isa = PBXBuildFile; fileRef = 8AEB997F22DCEC37001D717E /* Main.storyboard */; };
		8AEB998322DCEC39001D717E /* Assets.xcassets in Resources */ = {isa = PBXBuildFile; fileRef = 8AEB998222DCEC39001D717E /* Assets.xcassets */; };
		8AEB998622DCEC39001D717E /* LaunchScreen.storyboard in Resources */ = {isa = PBXBuildFile; fileRef = 8AEB998422DCEC39001D717E /* LaunchScreen.storyboard */; };
		8AEB998B22DCEC3A001D717E /* Prototyp Iteration 3 WatchKit App.app in Embed Watch Content */ = {isa = PBXBuildFile; fileRef = 8AEB998A22DCEC3A001D717E /* Prototyp Iteration 3 WatchKit App.app */; };
		8AEB999122DCEC3A001D717E /* Interface.storyboard in Resources */ = {isa = PBXBuildFile; fileRef = 8AEB998F22DCEC3A001D717E /* Interface.storyboard */; };
		8AEB999322DCEC3B001D717E /* Assets.xcassets in Resources */ = {isa = PBXBuildFile; fileRef = 8AEB999222DCEC3B001D717E /* Assets.xcassets */; };
		8AEB999A22DCEC3B001D717E /* Prototyp Iteration 3 WatchKit Extension.appex in Embed App Extensions */ = {isa = PBXBuildFile; fileRef = 8AEB999922DCEC3B001D717E /* Prototyp Iteration 3 WatchKit Extension.appex */; settings = {ATTRIBUTES = (RemoveHeadersOnCopy, ); }; };
		8AEB999F22DCEC3B001D717E /* InterfaceController.swift in Sources */ = {isa = PBXBuildFile; fileRef = 8AEB999E22DCEC3B001D717E /* InterfaceController.swift */; };
		8AEB99A122DCEC3B001D717E /* ExtensionDelegate.swift in Sources */ = {isa = PBXBuildFile; fileRef = 8AEB99A022DCEC3B001D717E /* ExtensionDelegate.swift */; };
		8AEB99A322DCEC3B001D717E /* NotificationController.swift in Sources */ = {isa = PBXBuildFile; fileRef = 8AEB99A222DCEC3B001D717E /* NotificationController.swift */; };
		8AEB99A522DCEC3C001D717E /* Assets.xcassets in Resources */ = {isa = PBXBuildFile; fileRef = 8AEB99A422DCEC3C001D717E /* Assets.xcassets */; };
		8AEB99B622DCEDFA001D717E /* RowController.swift in Sources */ = {isa = PBXBuildFile; fileRef = 8AEB99B522DCEDFA001D717E /* RowController.swift */; };
/* End PBXBuildFile section */

/* Begin PBXContainerItemProxy section */
		8AEB998C22DCEC3A001D717E /* PBXContainerItemProxy */ = {
			isa = PBXContainerItemProxy;
			containerPortal = 8AEB997022DCEC37001D717E /* Project object */;
			proxyType = 1;
			remoteGlobalIDString = 8AEB998922DCEC3A001D717E;
			remoteInfo = "Prototyp Iteration 3 WatchKit App";
		};
		8AEB999B22DCEC3B001D717E /* PBXContainerItemProxy */ = {
			isa = PBXContainerItemProxy;
			containerPortal = 8AEB997022DCEC37001D717E /* Project object */;
			proxyType = 1;
			remoteGlobalIDString = 8AEB999822DCEC3B001D717E;
			remoteInfo = "Prototyp Iteration 3 WatchKit Extension";
		};
/* End PBXContainerItemProxy section */

/* Begin PBXCopyFilesBuildPhase section */
		8AEB99AD22DCEC3C001D717E /* Embed App Extensions */ = {
			isa = PBXCopyFilesBuildPhase;
			buildActionMask = 2147483647;
			dstPath = "";
			dstSubfolderSpec = 13;
			files = (
				8AEB999A22DCEC3B001D717E /* Prototyp Iteration 3 WatchKit Extension.appex in Embed App Extensions */,
			);
			name = "Embed App Extensions";
			runOnlyForDeploymentPostprocessing = 0;
		};
		8AEB99B122DCEC3C001D717E /* Embed Watch Content */ = {
			isa = PBXCopyFilesBuildPhase;
			buildActionMask = 2147483647;
			dstPath = "$(CONTENTS_FOLDER_PATH)/Watch";
			dstSubfolderSpec = 16;
			files = (
				8AEB998B22DCEC3A001D717E /* Prototyp Iteration 3 WatchKit App.app in Embed Watch Content */,
			);
			name = "Embed Watch Content";
			runOnlyForDeploymentPostprocessing = 0;
		};
/* End PBXCopyFilesBuildPhase section */

/* Begin PBXFileReference section */
		8A1E990F22DD00B800BC4364 /* DetailInterfaceController.swift */ = {isa = PBXFileReference; lastKnownFileType = sourcecode.swift; path = DetailInterfaceController.swift; sourceTree = "<group>"; };
		8A1E991122DE0C0300BC4364 /* IOInterfaceController.swift */ = {isa = PBXFileReference; lastKnownFileType = sourcecode.swift; path = IOInterfaceController.swift; sourceTree = "<group>"; };
		8A42C84522E8D9E100DBD503 /* IORowController.swift */ = {isa = PBXFileReference; fileEncoding = 4; lastKnownFileType = sourcecode.swift; path = IORowController.swift; sourceTree = "<group>"; };
		8A42C84622E8D9E100DBD503 /* BMKInterfaceController.swift */ = {isa = PBXFileReference; fileEncoding = 4; lastKnownFileType = sourcecode.swift; path = BMKInterfaceController.swift; sourceTree = "<group>"; };
		8A42C84722E8D9E100DBD503 /* globalVariables.swift */ = {isa = PBXFileReference; fileEncoding = 4; lastKnownFileType = sourcecode.swift; path = globalVariables.swift; sourceTree = "<group>"; };
		8A42C84822E8D9E200DBD503 /* Dialog.swift */ = {isa = PBXFileReference; fileEncoding = 4; lastKnownFileType = sourcecode.swift; path = Dialog.swift; sourceTree = "<group>"; };
		8AEB997822DCEC37001D717E /* Prototyp Iteration 3.app */ = {isa = PBXFileReference; explicitFileType = wrapper.application; includeInIndex = 0; path = "Prototyp Iteration 3.app"; sourceTree = BUILT_PRODUCTS_DIR; };
		8AEB997B22DCEC37001D717E /* AppDelegate.swift */ = {isa = PBXFileReference; lastKnownFileType = sourcecode.swift; path = AppDelegate.swift; sourceTree = "<group>"; };
		8AEB997D22DCEC37001D717E /* ViewController.swift */ = {isa = PBXFileReference; lastKnownFileType = sourcecode.swift; path = ViewController.swift; sourceTree = "<group>"; };
		8AEB998022DCEC37001D717E /* Base */ = {isa = PBXFileReference; lastKnownFileType = file.storyboard; name = Base; path = Base.lproj/Main.storyboard; sourceTree = "<group>"; };
		8AEB998222DCEC39001D717E /* Assets.xcassets */ = {isa = PBXFileReference; lastKnownFileType = folder.assetcatalog; path = Assets.xcassets; sourceTree = "<group>"; };
		8AEB998522DCEC39001D717E /* Base */ = {isa = PBXFileReference; lastKnownFileType = file.storyboard; name = Base; path = Base.lproj/LaunchScreen.storyboard; sourceTree = "<group>"; };
		8AEB998722DCEC39001D717E /* Info.plist */ = {isa = PBXFileReference; lastKnownFileType = text.plist.xml; path = Info.plist; sourceTree = "<group>"; };
		8AEB998A22DCEC3A001D717E /* Prototyp Iteration 3 WatchKit App.app */ = {isa = PBXFileReference; explicitFileType = wrapper.application; includeInIndex = 0; path = "Prototyp Iteration 3 WatchKit App.app"; sourceTree = BUILT_PRODUCTS_DIR; };
		8AEB999022DCEC3A001D717E /* Base */ = {isa = PBXFileReference; lastKnownFileType = file.storyboard; name = Base; path = Base.lproj/Interface.storyboard; sourceTree = "<group>"; };
		8AEB999222DCEC3B001D717E /* Assets.xcassets */ = {isa = PBXFileReference; lastKnownFileType = folder.assetcatalog; path = Assets.xcassets; sourceTree = "<group>"; };
		8AEB999422DCEC3B001D717E /* Info.plist */ = {isa = PBXFileReference; lastKnownFileType = text.plist.xml; path = Info.plist; sourceTree = "<group>"; };
		8AEB999922DCEC3B001D717E /* Prototyp Iteration 3 WatchKit Extension.appex */ = {isa = PBXFileReference; explicitFileType = "wrapper.app-extension"; includeInIndex = 0; path = "Prototyp Iteration 3 WatchKit Extension.appex"; sourceTree = BUILT_PRODUCTS_DIR; };
		8AEB999E22DCEC3B001D717E /* InterfaceController.swift */ = {isa = PBXFileReference; lastKnownFileType = sourcecode.swift; path = InterfaceController.swift; sourceTree = "<group>"; };
		8AEB99A022DCEC3B001D717E /* ExtensionDelegate.swift */ = {isa = PBXFileReference; lastKnownFileType = sourcecode.swift; path = ExtensionDelegate.swift; sourceTree = "<group>"; };
		8AEB99A222DCEC3B001D717E /* NotificationController.swift */ = {isa = PBXFileReference; lastKnownFileType = sourcecode.swift; path = NotificationController.swift; sourceTree = "<group>"; };
		8AEB99A422DCEC3C001D717E /* Assets.xcassets */ = {isa = PBXFileReference; lastKnownFileType = folder.assetcatalog; path = Assets.xcassets; sourceTree = "<group>"; };
		8AEB99A622DCEC3C001D717E /* Info.plist */ = {isa = PBXFileReference; lastKnownFileType = text.plist.xml; path = Info.plist; sourceTree = "<group>"; };
		8AEB99A722DCEC3C001D717E /* PushNotificationPayload.apns */ = {isa = PBXFileReference; lastKnownFileType = text; path = PushNotificationPayload.apns; sourceTree = "<group>"; };
		8AEB99B522DCEDFA001D717E /* RowController.swift */ = {isa = PBXFileReference; lastKnownFileType = sourcecode.swift; path = RowController.swift; sourceTree = "<group>"; };
/* End PBXFileReference section */

/* Begin PBXFrameworksBuildPhase section */
		8AEB997522DCEC37001D717E /* Frameworks */ = {
			isa = PBXFrameworksBuildPhase;
			buildActionMask = 2147483647;
			files = (
			);
			runOnlyForDeploymentPostprocessing = 0;
		};
		8AEB999622DCEC3B001D717E /* Frameworks */ = {
			isa = PBXFrameworksBuildPhase;
			buildActionMask = 2147483647;
			files = (
			);
			runOnlyForDeploymentPostprocessing = 0;
		};
/* End PBXFrameworksBuildPhase section */

/* Begin PBXGroup section */
		8AEB996F22DCEC37001D717E = {
			isa = PBXGroup;
			children = (
				8AEB997A22DCEC37001D717E /* Prototyp Iteration 3 */,
				8AEB998E22DCEC3A001D717E /* Prototyp Iteration 3 WatchKit App */,
				8AEB999D22DCEC3B001D717E /* Prototyp Iteration 3 WatchKit Extension */,
				8AEB997922DCEC37001D717E /* Products */,
			);
			sourceTree = "<group>";
		};
		8AEB997922DCEC37001D717E /* Products */ = {
			isa = PBXGroup;
			children = (
				8AEB997822DCEC37001D717E /* Prototyp Iteration 3.app */,
				8AEB998A22DCEC3A001D717E /* Prototyp Iteration 3 WatchKit App.app */,
				8AEB999922DCEC3B001D717E /* Prototyp Iteration 3 WatchKit Extension.appex */,
			);
			name = Products;
			sourceTree = "<group>";
		};
		8AEB997A22DCEC37001D717E /* Prototyp Iteration 3 */ = {
			isa = PBXGroup;
			children = (
				8AEB997B22DCEC37001D717E /* AppDelegate.swift */,
				8AEB997D22DCEC37001D717E /* ViewController.swift */,
				8AEB997F22DCEC37001D717E /* Main.storyboard */,
				8AEB998222DCEC39001D717E /* Assets.xcassets */,
				8AEB998422DCEC39001D717E /* LaunchScreen.storyboard */,
				8AEB998722DCEC39001D717E /* Info.plist */,
			);
			path = "Prototyp Iteration 3";
			sourceTree = "<group>";
		};
		8AEB998E22DCEC3A001D717E /* Prototyp Iteration 3 WatchKit App */ = {
			isa = PBXGroup;
			children = (
				8AEB998F22DCEC3A001D717E /* Interface.storyboard */,
				8AEB999222DCEC3B001D717E /* Assets.xcassets */,
				8AEB999422DCEC3B001D717E /* Info.plist */,
			);
			path = "Prototyp Iteration 3 WatchKit App";
			sourceTree = "<group>";
		};
		8AEB999D22DCEC3B001D717E /* Prototyp Iteration 3 WatchKit Extension */ = {
			isa = PBXGroup;
			children = (
				8A42C84622E8D9E100DBD503 /* BMKInterfaceController.swift */,
				8A42C84822E8D9E200DBD503 /* Dialog.swift */,
				8A42C84722E8D9E100DBD503 /* globalVariables.swift */,
				8A42C84522E8D9E100DBD503 /* IORowController.swift */,
				8AEB999E22DCEC3B001D717E /* InterfaceController.swift */,
				8AEB99A022DCEC3B001D717E /* ExtensionDelegate.swift */,
				8AEB99A222DCEC3B001D717E /* NotificationController.swift */,
				8AEB99A422DCEC3C001D717E /* Assets.xcassets */,
				8AEB99A622DCEC3C001D717E /* Info.plist */,
				8AEB99A722DCEC3C001D717E /* PushNotificationPayload.apns */,
				8AEB99B522DCEDFA001D717E /* RowController.swift */,
				8A1E990F22DD00B800BC4364 /* DetailInterfaceController.swift */,
				8A1E991122DE0C0300BC4364 /* IOInterfaceController.swift */,
			);
			path = "Prototyp Iteration 3 WatchKit Extension";
			sourceTree = "<group>";
		};
/* End PBXGroup section */

/* Begin PBXNativeTarget section */
		8AEB997722DCEC37001D717E /* Prototyp Iteration 3 */ = {
			isa = PBXNativeTarget;
			buildConfigurationList = 8AEB99B222DCEC3C001D717E /* Build configuration list for PBXNativeTarget "Prototyp Iteration 3" */;
			buildPhases = (
				8AEB997422DCEC37001D717E /* Sources */,
				8AEB997522DCEC37001D717E /* Frameworks */,
				8AEB997622DCEC37001D717E /* Resources */,
				8AEB99B122DCEC3C001D717E /* Embed Watch Content */,
			);
			buildRules = (
			);
			dependencies = (
				8AEB998D22DCEC3A001D717E /* PBXTargetDependency */,
			);
			name = "Prototyp Iteration 3";
			productName = "Prototyp Iteration 3";
			productReference = 8AEB997822DCEC37001D717E /* Prototyp Iteration 3.app */;
			productType = "com.apple.product-type.application";
		};
		8AEB998922DCEC3A001D717E /* Prototyp Iteration 3 WatchKit App */ = {
			isa = PBXNativeTarget;
			buildConfigurationList = 8AEB99AE22DCEC3C001D717E /* Build configuration list for PBXNativeTarget "Prototyp Iteration 3 WatchKit App" */;
			buildPhases = (
				8AEB998822DCEC3A001D717E /* Resources */,
				8AEB99AD22DCEC3C001D717E /* Embed App Extensions */,
			);
			buildRules = (
			);
			dependencies = (
				8AEB999C22DCEC3B001D717E /* PBXTargetDependency */,
			);
			name = "Prototyp Iteration 3 WatchKit App";
			productName = "Prototyp Iteration 3 WatchKit App";
			productReference = 8AEB998A22DCEC3A001D717E /* Prototyp Iteration 3 WatchKit App.app */;
			productType = "com.apple.product-type.application.watchapp2";
		};
		8AEB999822DCEC3B001D717E /* Prototyp Iteration 3 WatchKit Extension */ = {
			isa = PBXNativeTarget;
			buildConfigurationList = 8AEB99AA22DCEC3C001D717E /* Build configuration list for PBXNativeTarget "Prototyp Iteration 3 WatchKit Extension" */;
			buildPhases = (
				8AEB999522DCEC3B001D717E /* Sources */,
				8AEB999622DCEC3B001D717E /* Frameworks */,
				8AEB999722DCEC3B001D717E /* Resources */,
			);
			buildRules = (
			);
			dependencies = (
			);
			name = "Prototyp Iteration 3 WatchKit Extension";
			productName = "Prototyp Iteration 3 WatchKit Extension";
			productReference = 8AEB999922DCEC3B001D717E /* Prototyp Iteration 3 WatchKit Extension.appex */;
			productType = "com.apple.product-type.watchkit2-extension";
		};
/* End PBXNativeTarget section */

/* Begin PBXProject section */
		8AEB997022DCEC37001D717E /* Project object */ = {
			isa = PBXProject;
			attributes = {
				LastSwiftUpdateCheck = 1010;
				LastUpgradeCheck = 1010;
				ORGANIZATIONNAME = "Niels-Hendrik Klopsch";
				TargetAttributes = {
					8AEB997722DCEC37001D717E = {
						CreatedOnToolsVersion = 10.1;
					};
					8AEB998922DCEC3A001D717E = {
						CreatedOnToolsVersion = 10.1;
					};
					8AEB999822DCEC3B001D717E = {
						CreatedOnToolsVersion = 10.1;
					};
				};
			};
			buildConfigurationList = 8AEB997322DCEC37001D717E /* Build configuration list for PBXProject "Prototyp Iteration 3" */;
			compatibilityVersion = "Xcode 9.3";
			developmentRegion = en;
			hasScannedForEncodings = 0;
			knownRegions = (
				en,
				Base,
			);
			mainGroup = 8AEB996F22DCEC37001D717E;
			productRefGroup = 8AEB997922DCEC37001D717E /* Products */;
			projectDirPath = "";
			projectRoot = "";
			targets = (
				8AEB997722DCEC37001D717E /* Prototyp Iteration 3 */,
				8AEB998922DCEC3A001D717E /* Prototyp Iteration 3 WatchKit App */,
				8AEB999822DCEC3B001D717E /* Prototyp Iteration 3 WatchKit Extension */,
			);
		};
/* End PBXProject section */

/* Begin PBXResourcesBuildPhase section */
		8AEB997622DCEC37001D717E /* Resources */ = {
			isa = PBXResourcesBuildPhase;
			buildActionMask = 2147483647;
			files = (
				8AEB998622DCEC39001D717E /* LaunchScreen.storyboard in Resources */,
				8AEB998322DCEC39001D717E /* Assets.xcassets in Resources */,
				8AEB998122DCEC37001D717E /* Main.storyboard in Resources */,
			);
			runOnlyForDeploymentPostprocessing = 0;
		};
		8AEB998822DCEC3A001D717E /* Resources */ = {
			isa = PBXResourcesBuildPhase;
			buildActionMask = 2147483647;
			files = (
				8AEB999322DCEC3B001D717E /* Assets.xcassets in Resources */,
				8AEB999122DCEC3A001D717E /* Interface.storyboard in Resources */,
			);
			runOnlyForDeploymentPostprocessing = 0;
		};
		8AEB999722DCEC3B001D717E /* Resources */ = {
			isa = PBXResourcesBuildPhase;
			buildActionMask = 2147483647;
			files = (
				8AEB99A522DCEC3C001D717E /* Assets.xcassets in Resources */,
			);
			runOnlyForDeploymentPostprocessing = 0;
		};
/* End PBXResourcesBuildPhase section */

/* Begin PBXSourcesBuildPhase section */
		8AEB997422DCEC37001D717E /* Sources */ = {
			isa = PBXSourcesBuildPhase;
			buildActionMask = 2147483647;
			files = (
				8AEB997E22DCEC37001D717E /* ViewController.swift in Sources */,
				8AEB997C22DCEC37001D717E /* AppDelegate.swift in Sources */,
			);
			runOnlyForDeploymentPostprocessing = 0;
		};
		8AEB999522DCEC3B001D717E /* Sources */ = {
			isa = PBXSourcesBuildPhase;
			buildActionMask = 2147483647;
			files = (
				8AEB99A322DCEC3B001D717E /* NotificationController.swift in Sources */,
				8A42C84C22E8D9E200DBD503 /* Dialog.swift in Sources */,
				8AEB99A122DCEC3B001D717E /* ExtensionDelegate.swift in Sources */,
				8A42C84922E8D9E200DBD503 /* IORowController.swift in Sources */,
				8A42C84B22E8D9E200DBD503 /* globalVariables.swift in Sources */,
				8AEB99B622DCEDFA001D717E /* RowController.swift in Sources */,
				8AEB999F22DCEC3B001D717E /* InterfaceController.swift in Sources */,
				8A1E991022DD00B800BC4364 /* DetailInterfaceController.swift in Sources */,
				8A42C84A22E8D9E200DBD503 /* BMKInterfaceController.swift in Sources */,
				8A1E991222DE0C0300BC4364 /* IOInterfaceController.swift in Sources */,
			);
			runOnlyForDeploymentPostprocessing = 0;
		};
/* End PBXSourcesBuildPhase section */

/* Begin PBXTargetDependency section */
		8AEB998D22DCEC3A001D717E /* PBXTargetDependency */ = {
			isa = PBXTargetDependency;
			target = 8AEB998922DCEC3A001D717E /* Prototyp Iteration 3 WatchKit App */;
			targetProxy = 8AEB998C22DCEC3A001D717E /* PBXContainerItemProxy */;
		};
		8AEB999C22DCEC3B001D717E /* PBXTargetDependency */ = {
			isa = PBXTargetDependency;
			target = 8AEB999822DCEC3B001D717E /* Prototyp Iteration 3 WatchKit Extension */;
			targetProxy = 8AEB999B22DCEC3B001D717E /* PBXContainerItemProxy */;
		};
/* End PBXTargetDependency section */

/* Begin PBXVariantGroup section */
		8AEB997F22DCEC37001D717E /* Main.storyboard */ = {
			isa = PBXVariantGroup;
			children = (
				8AEB998022DCEC37001D717E /* Base */,
			);
			name = Main.storyboard;
			sourceTree = "<group>";
		};
		8AEB998422DCEC39001D717E /* LaunchScreen.storyboard */ = {
			isa = PBXVariantGroup;
			children = (
				8AEB998522DCEC39001D717E /* Base */,
			);
			name = LaunchScreen.storyboard;
			sourceTree = "<group>";
		};
		8AEB998F22DCEC3A001D717E /* Interface.storyboard */ = {
			isa = PBXVariantGroup;
			children = (
				8AEB999022DCEC3A001D717E /* Base */,
			);
			name = Interface.storyboard;
			sourceTree = "<group>";
		};
/* End PBXVariantGroup section */

/* Begin XCBuildConfiguration section */
		8AEB99A822DCEC3C001D717E /* Debug */ = {
			isa = XCBuildConfiguration;
			buildSettings = {
				ALWAYS_SEARCH_USER_PATHS = NO;
				CLANG_ANALYZER_NONNULL = YES;
				CLANG_ANALYZER_NUMBER_OBJECT_CONVERSION = YES_AGGRESSIVE;
				CLANG_CXX_LANGUAGE_STANDARD = "gnu++14";
				CLANG_CXX_LIBRARY = "libc++";
				CLANG_ENABLE_MODULES = YES;
				CLANG_ENABLE_OBJC_ARC = YES;
				CLANG_ENABLE_OBJC_WEAK = YES;
				CLANG_WARN_BLOCK_CAPTURE_AUTORELEASING = YES;
				CLANG_WARN_BOOL_CONVERSION = YES;
				CLANG_WARN_COMMA = YES;
				CLANG_WARN_CONSTANT_CONVERSION = YES;
				CLANG_WARN_DEPRECATED_OBJC_IMPLEMENTATIONS = YES;
				CLANG_WARN_DIRECT_OBJC_ISA_USAGE = YES_ERROR;
				CLANG_WARN_DOCUMENTATION_COMMENTS = YES;
				CLANG_WARN_EMPTY_BODY = YES;
				CLANG_WARN_ENUM_CONVERSION = YES;
				CLANG_WARN_INFINITE_RECURSION = YES;
				CLANG_WARN_INT_CONVERSION = YES;
				CLANG_WARN_NON_LITERAL_NULL_CONVERSION = YES;
				CLANG_WARN_OBJC_IMPLICIT_RETAIN_SELF = YES;
				CLANG_WARN_OBJC_LITERAL_CONVERSION = YES;
				CLANG_WARN_OBJC_ROOT_CLASS = YES_ERROR;
				CLANG_WARN_RANGE_LOOP_ANALYSIS = YES;
				CLANG_WARN_STRICT_PROTOTYPES = YES;
				CLANG_WARN_SUSPICIOUS_MOVE = YES;
				CLANG_WARN_UNGUARDED_AVAILABILITY = YES_AGGRESSIVE;
				CLANG_WARN_UNREACHABLE_CODE = YES;
				CLANG_WARN__DUPLICATE_METHOD_MATCH = YES;
				CODE_SIGN_IDENTITY = "iPhone Developer";
				COPY_PHASE_STRIP = NO;
				DEBUG_INFORMATION_FORMAT = dwarf;
				ENABLE_STRICT_OBJC_MSGSEND = YES;
				ENABLE_TESTABILITY = YES;
				GCC_C_LANGUAGE_STANDARD = gnu11;
				GCC_DYNAMIC_NO_PIC = NO;
				GCC_NO_COMMON_BLOCKS = YES;
				GCC_OPTIMIZATION_LEVEL = 0;
				GCC_PREPROCESSOR_DEFINITIONS = (
					"DEBUG=1",
					"$(inherited)",
				);
				GCC_WARN_64_TO_32_BIT_CONVERSION = YES;
				GCC_WARN_ABOUT_RETURN_TYPE = YES_ERROR;
				GCC_WARN_UNDECLARED_SELECTOR = YES;
				GCC_WARN_UNINITIALIZED_AUTOS = YES_AGGRESSIVE;
				GCC_WARN_UNUSED_FUNCTION = YES;
				GCC_WARN_UNUSED_VARIABLE = YES;
				IPHONEOS_DEPLOYMENT_TARGET = 12.1;
				MTL_ENABLE_DEBUG_INFO = INCLUDE_SOURCE;
				MTL_FAST_MATH = YES;
				ONLY_ACTIVE_ARCH = YES;
				SDKROOT = iphoneos;
				SWIFT_ACTIVE_COMPILATION_CONDITIONS = DEBUG;
				SWIFT_OPTIMIZATION_LEVEL = "-Onone";
			};
			name = Debug;
		};
		8AEB99A922DCEC3C001D717E /* Release */ = {
			isa = XCBuildConfiguration;
			buildSettings = {
				ALWAYS_SEARCH_USER_PATHS = NO;
				CLANG_ANALYZER_NONNULL = YES;
				CLANG_ANALYZER_NUMBER_OBJECT_CONVERSION = YES_AGGRESSIVE;
				CLANG_CXX_LANGUAGE_STANDARD = "gnu++14";
				CLANG_CXX_LIBRARY = "libc++";
				CLANG_ENABLE_MODULES = YES;
				CLANG_ENABLE_OBJC_ARC = YES;
				CLANG_ENABLE_OBJC_WEAK = YES;
				CLANG_WARN_BLOCK_CAPTURE_AUTORELEASING = YES;
				CLANG_WARN_BOOL_CONVERSION = YES;
				CLANG_WARN_COMMA = YES;
				CLANG_WARN_CONSTANT_CONVERSION = YES;
				CLANG_WARN_DEPRECATED_OBJC_IMPLEMENTATIONS = YES;
				CLANG_WARN_DIRECT_OBJC_ISA_USAGE = YES_ERROR;
				CLANG_WARN_DOCUMENTATION_COMMENTS = YES;
				CLANG_WARN_EMPTY_BODY = YES;
				CLANG_WARN_ENUM_CONVERSION = YES;
				CLANG_WARN_INFINITE_RECURSION = YES;
				CLANG_WARN_INT_CONVERSION = YES;
				CLANG_WARN_NON_LITERAL_NULL_CONVERSION = YES;
				CLANG_WARN_OBJC_IMPLICIT_RETAIN_SELF = YES;
				CLANG_WARN_OBJC_LITERAL_CONVERSION = YES;
				CLANG_WARN_OBJC_ROOT_CLASS = YES_ERROR;
				CLANG_WARN_RANGE_LOOP_ANALYSIS = YES;
				CLANG_WARN_STRICT_PROTOTYPES = YES;
				CLANG_WARN_SUSPICIOUS_MOVE = YES;
				CLANG_WARN_UNGUARDED_AVAILABILITY = YES_AGGRESSIVE;
				CLANG_WARN_UNREACHABLE_CODE = YES;
				CLANG_WARN__DUPLICATE_METHOD_MATCH = YES;
				CODE_SIGN_IDENTITY = "iPhone Developer";
				COPY_PHASE_STRIP = NO;
				DEBUG_INFORMATION_FORMAT = "dwarf-with-dsym";
				ENABLE_NS_ASSERTIONS = NO;
				ENABLE_STRICT_OBJC_MSGSEND = YES;
				GCC_C_LANGUAGE_STANDARD = gnu11;
				GCC_NO_COMMON_BLOCKS = YES;
				GCC_WARN_64_TO_32_BIT_CONVERSION = YES;
				GCC_WARN_ABOUT_RETURN_TYPE = YES_ERROR;
				GCC_WARN_UNDECLARED_SELECTOR = YES;
				GCC_WARN_UNINITIALIZED_AUTOS = YES_AGGRESSIVE;
				GCC_WARN_UNUSED_FUNCTION = YES;
				GCC_WARN_UNUSED_VARIABLE = YES;
				IPHONEOS_DEPLOYMENT_TARGET = 12.1;
				MTL_ENABLE_DEBUG_INFO = NO;
				MTL_FAST_MATH = YES;
				SDKROOT = iphoneos;
				SWIFT_COMPILATION_MODE = wholemodule;
				SWIFT_OPTIMIZATION_LEVEL = "-O";
				VALIDATE_PRODUCT = YES;
			};
			name = Release;
		};
		8AEB99AB22DCEC3C001D717E /* Debug */ = {
			isa = XCBuildConfiguration;
			buildSettings = {
				ASSETCATALOG_COMPILER_COMPLICATION_NAME = Complication;
				CODE_SIGN_STYLE = Automatic;
				DEVELOPMENT_TEAM = 4HB2Y4P3J5;
				INFOPLIST_FILE = "Prototyp Iteration 3 WatchKit Extension/Info.plist";
				LD_RUNPATH_SEARCH_PATHS = (
					"$(inherited)",
					"@executable_path/Frameworks",
					"@executable_path/../../Frameworks",
				);
				PRODUCT_BUNDLE_IDENTIFIER = "TestCompany.Prototyp-Iteration-3.watchkitapp.watchkitextension";
				PRODUCT_NAME = "${TARGET_NAME}";
				SDKROOT = watchos;
				SKIP_INSTALL = YES;
				SWIFT_VERSION = 4.2;
				TARGETED_DEVICE_FAMILY = 4;
				WATCHOS_DEPLOYMENT_TARGET = 5.1;
			};
			name = Debug;
		};
		8AEB99AC22DCEC3C001D717E /* Release */ = {
			isa = XCBuildConfiguration;
			buildSettings = {
				ASSETCATALOG_COMPILER_COMPLICATION_NAME = Complication;
				CODE_SIGN_STYLE = Automatic;
				DEVELOPMENT_TEAM = 4HB2Y4P3J5;
				INFOPLIST_FILE = "Prototyp Iteration 3 WatchKit Extension/Info.plist";
				LD_RUNPATH_SEARCH_PATHS = (
					"$(inherited)",
					"@executable_path/Frameworks",
					"@executable_path/../../Frameworks",
				);
				PRODUCT_BUNDLE_IDENTIFIER = "TestCompany.Prototyp-Iteration-3.watchkitapp.watchkitextension";
				PRODUCT_NAME = "${TARGET_NAME}";
				SDKROOT = watchos;
				SKIP_INSTALL = YES;
				SWIFT_VERSION = 4.2;
				TARGETED_DEVICE_FAMILY = 4;
				WATCHOS_DEPLOYMENT_TARGET = 5.1;
			};
			name = Release;
		};
		8AEB99AF22DCEC3C001D717E /* Debug */ = {
			isa = XCBuildConfiguration;
			buildSettings = {
				ALWAYS_EMBED_SWIFT_STANDARD_LIBRARIES = YES;
				ASSETCATALOG_COMPILER_APPICON_NAME = AppIcon;
				CODE_SIGN_STYLE = Automatic;
				DEVELOPMENT_TEAM = 4HB2Y4P3J5;
				IBSC_MODULE = Prototyp_Iteration_3_WatchKit_Extension;
				INFOPLIST_FILE = "Prototyp Iteration 3 WatchKit App/Info.plist";
				PRODUCT_BUNDLE_IDENTIFIER = "TestCompany.Prototyp-Iteration-3.watchkitapp";
				PRODUCT_NAME = "$(TARGET_NAME)";
				SDKROOT = watchos;
				SKIP_INSTALL = YES;
				SWIFT_VERSION = 4.2;
				TARGETED_DEVICE_FAMILY = 4;
				WATCHOS_DEPLOYMENT_TARGET = 5.1;
			};
			name = Debug;
		};
		8AEB99B022DCEC3C001D717E /* Release */ = {
			isa = XCBuildConfiguration;
			buildSettings = {
				ALWAYS_EMBED_SWIFT_STANDARD_LIBRARIES = YES;
				ASSETCATALOG_COMPILER_APPICON_NAME = AppIcon;
				CODE_SIGN_STYLE = Automatic;
				DEVELOPMENT_TEAM = 4HB2Y4P3J5;
				IBSC_MODULE = Prototyp_Iteration_3_WatchKit_Extension;
				INFOPLIST_FILE = "Prototyp Iteration 3 WatchKit App/Info.plist";
				PRODUCT_BUNDLE_IDENTIFIER = "TestCompany.Prototyp-Iteration-3.watchkitapp";
				PRODUCT_NAME = "$(TARGET_NAME)";
				SDKROOT = watchos;
				SKIP_INSTALL = YES;
				SWIFT_VERSION = 4.2;
				TARGETED_DEVICE_FAMILY = 4;
				WATCHOS_DEPLOYMENT_TARGET = 5.1;
			};
			name = Release;
		};
		8AEB99B322DCEC3C001D717E /* Debug */ = {
			isa = XCBuildConfiguration;
			buildSettings = {
				ASSETCATALOG_COMPILER_APPICON_NAME = AppIcon;
				ASSETCATALOG_COMPILER_LAUNCHIMAGE_NAME = LaunchImage;
				CODE_SIGN_STYLE = Automatic;
				DEVELOPMENT_TEAM = 4HB2Y4P3J5;
				INFOPLIST_FILE = "Prototyp Iteration 3/Info.plist";
				LD_RUNPATH_SEARCH_PATHS = (
					"$(inherited)",
					"@executable_path/Frameworks",
				);
				PRODUCT_BUNDLE_IDENTIFIER = "TestCompany.Prototyp-Iteration-3";
				PRODUCT_NAME = "$(TARGET_NAME)";
				SWIFT_VERSION = 4.2;
				TARGETED_DEVICE_FAMILY = "1,2";
			};
			name = Debug;
		};
		8AEB99B422DCEC3C001D717E /* Release */ = {
			isa = XCBuildConfiguration;
			buildSettings = {
				ASSETCATALOG_COMPILER_APPICON_NAME = AppIcon;
				ASSETCATALOG_COMPILER_LAUNCHIMAGE_NAME = LaunchImage;
				CODE_SIGN_STYLE = Automatic;
				DEVELOPMENT_TEAM = 4HB2Y4P3J5;
				INFOPLIST_FILE = "Prototyp Iteration 3/Info.plist";
				LD_RUNPATH_SEARCH_PATHS = (
					"$(inherited)",
					"@executable_path/Frameworks",
				);
				PRODUCT_BUNDLE_IDENTIFIER = "TestCompany.Prototyp-Iteration-3";
				PRODUCT_NAME = "$(TARGET_NAME)";
				SWIFT_VERSION = 4.2;
				TARGETED_DEVICE_FAMILY = "1,2";
			};
			name = Release;
		};
/* End XCBuildConfiguration section */

/* Begin XCConfigurationList section */
		8AEB997322DCEC37001D717E /* Build configuration list for PBXProject "Prototyp Iteration 3" */ = {
			isa = XCConfigurationList;
			buildConfigurations = (
				8AEB99A822DCEC3C001D717E /* Debug */,
				8AEB99A922DCEC3C001D717E /* Release */,
			);
			defaultConfigurationIsVisible = 0;
			defaultConfigurationName = Release;
		};
		8AEB99AA22DCEC3C001D717E /* Build configuration list for PBXNativeTarget "Prototyp Iteration 3 WatchKit Extension" */ = {
			isa = XCConfigurationList;
			buildConfigurations = (
				8AEB99AB22DCEC3C001D717E /* Debug */,
				8AEB99AC22DCEC3C001D717E /* Release */,
			);
			defaultConfigurationIsVisible = 0;
			defaultConfigurationName = Release;
		};
		8AEB99AE22DCEC3C001D717E /* Build configuration list for PBXNativeTarget "Prototyp Iteration 3 WatchKit App" */ = {
			isa = XCConfigurationList;
			buildConfigurations = (
				8AEB99AF22DCEC3C001D717E /* Debug */,
				8AEB99B022DCEC3C001D717E /* Release */,
			);
			defaultConfigurationIsVisible = 0;
			defaultConfigurationName = Release;
		};
		8AEB99B222DCEC3C001D717E /* Build configuration list for PBXNativeTarget "Prototyp Iteration 3" */ = {
			isa = XCConfigurationList;
			buildConfigurations = (
				8AEB99B322DCEC3C001D717E /* Debug */,
				8AEB99B422DCEC3C001D717E /* Release */,
			);
			defaultConfigurationIsVisible = 0;
			defaultConfigurationName = Release;
		};
/* End XCConfigurationList section */
	};
	rootObject = 8AEB997022DCEC37001D717E /* Project object */;
}
